
Microsoft Visual Studio Solution File, Format Version 12.00
# Visual Studio Version 17
VisualStudioVersion = 17.13.35931.197 d17.13
MinimumVisualStudioVersion = 10.0.40219.1
Project("{FAE04EC0-301F-11D3-BF4B-00C04F79EFBC}") = "TDA", "TDA\TDA.csproj", "{8FADEBB6-6368-4F27-A499-CD830F441497}"
EndProject
Global
	GlobalSection(SolutionConfigurationPlatforms) = preSolution
		Debug|Any CPU = Debug|Any CPU
		Release|Any CPU = Release|Any CPU
	EndGlobalSection
	GlobalSection(ProjectConfigurationPlatforms) = postSolution
		{8FADEBB6-6368-4F27-A499-CD830F441497}.Debug|Any CPU.ActiveCfg = Debug|Any CPU
		{8FADEBB6-6368-4F27-A499-CD830F441497}.Debug|Any CPU.Build.0 = Debug|Any CPU
		{8FADEBB6-6368-4F27-A499-CD830F441497}.Release|Any CPU.ActiveCfg = Release|Any CPU
		{8FADEBB6-6368-4F27-A499-CD830F441497}.Release|Any CPU.Build.0 = Release|Any CPU
	EndGlobalSection
	GlobalSection(SolutionProperties) = preSolution
		HideSolutionNode = FALSE
	EndGlobalSection
	GlobalSection(ExtensibilityGlobals) = postSolution
		SolutionGuid = {D797CB7B-B829-40D4-99DD-8BEB6E3C8250}
	EndGlobalSection
EndGlobal
